// !$*UTF8*$!
{
	archiveVersion = 1;
	classes = {
	};
	objectVersion = 50;
	objects = {

/* Begin PBXBuildFile section */
		F9586E6F221B8E1C00382193 /* Note.swift in Sources */ = {isa = PBXBuildFile; fileRef = F9586E6E221B8E1C00382193 /* Note.swift */; };
		F9586E71221B934000382193 /* NoteTests.swift in Sources */ = {isa = PBXBuildFile; fileRef = F9586E70221B934000382193 /* NoteTests.swift */; };
		F9586E73221BAB0400382193 /* Operation.swift in Sources */ = {isa = PBXBuildFile; fileRef = F9586E72221BAB0400382193 /* Operation.swift */; };
		F9586E75221BADE700382193 /* QuizEngine.swift in Sources */ = {isa = PBXBuildFile; fileRef = F9586E74221BADE700382193 /* QuizEngine.swift */; };
		F9586E77221BBF4600382193 /* QuizEngineTests.swift in Sources */ = {isa = PBXBuildFile; fileRef = F9586E76221BBF4600382193 /* QuizEngineTests.swift */; };
		F9BAA42B221A692800985921 /* AppDelegate.swift in Sources */ = {isa = PBXBuildFile; fileRef = F9BAA42A221A692800985921 /* AppDelegate.swift */; };
		F9BAA42D221A692800985921 /* QuizViewController.swift in Sources */ = {isa = PBXBuildFile; fileRef = F9BAA42C221A692800985921 /* QuizViewController.swift */; };
		F9BAA432221A692C00985921 /* Assets.xcassets in Resources */ = {isa = PBXBuildFile; fileRef = F9BAA431221A692C00985921 /* Assets.xcassets */; };
		F9BAA435221A692C00985921 /* LaunchScreen.storyboard in Resources */ = {isa = PBXBuildFile; fileRef = F9BAA433221A692C00985921 /* LaunchScreen.storyboard */; };
		F9C91882221A6A4900F13F45 /* AppCoordinator.swift in Sources */ = {isa = PBXBuildFile; fileRef = F9C91881221A6A4900F13F45 /* AppCoordinator.swift */; };
/* End PBXBuildFile section */

/* Begin PBXContainerItemProxy section */
		F9BAA43C221A692C00985921 /* PBXContainerItemProxy */ = {
			isa = PBXContainerItemProxy;
			containerPortal = F9BAA41F221A692800985921 /* Project object */;
			proxyType = 1;
			remoteGlobalIDString = F9BAA426221A692800985921;
			remoteInfo = NoteNerd;
		};
/* End PBXContainerItemProxy section */

/* Begin PBXFileReference section */
		F9586E6E221B8E1C00382193 /* Note.swift */ = {isa = PBXFileReference; lastKnownFileType = sourcecode.swift; path = Note.swift; sourceTree = "<group>"; };
		F9586E70221B934000382193 /* NoteTests.swift */ = {isa = PBXFileReference; lastKnownFileType = sourcecode.swift; path = NoteTests.swift; sourceTree = "<group>"; };
		F9586E72221BAB0400382193 /* Operation.swift */ = {isa = PBXFileReference; lastKnownFileType = sourcecode.swift; path = Operation.swift; sourceTree = "<group>"; };
		F9586E74221BADE700382193 /* QuizEngine.swift */ = {isa = PBXFileReference; lastKnownFileType = sourcecode.swift; path = QuizEngine.swift; sourceTree = "<group>"; };
		F9586E76221BBF4600382193 /* QuizEngineTests.swift */ = {isa = PBXFileReference; lastKnownFileType = sourcecode.swift; path = QuizEngineTests.swift; sourceTree = "<group>"; };
		F9BAA427221A692800985921 /* NoteNerd.app */ = {isa = PBXFileReference; explicitFileType = wrapper.application; includeInIndex = 0; path = NoteNerd.app; sourceTree = BUILT_PRODUCTS_DIR; };
		F9BAA42A221A692800985921 /* AppDelegate.swift */ = {isa = PBXFileReference; lastKnownFileType = sourcecode.swift; path = AppDelegate.swift; sourceTree = "<group>"; };
		F9BAA42C221A692800985921 /* QuizViewController.swift */ = {isa = PBXFileReference; lastKnownFileType = sourcecode.swift; path = QuizViewController.swift; sourceTree = "<group>"; };
		F9BAA431221A692C00985921 /* Assets.xcassets */ = {isa = PBXFileReference; lastKnownFileType = folder.assetcatalog; path = Assets.xcassets; sourceTree = "<group>"; };
		F9BAA434221A692C00985921 /* Base */ = {isa = PBXFileReference; lastKnownFileType = file.storyboard; name = Base; path = Base.lproj/LaunchScreen.storyboard; sourceTree = "<group>"; };
		F9BAA436221A692C00985921 /* Info.plist */ = {isa = PBXFileReference; lastKnownFileType = text.plist.xml; path = Info.plist; sourceTree = "<group>"; };
		F9BAA43B221A692C00985921 /* NoteNerdTests.xctest */ = {isa = PBXFileReference; explicitFileType = wrapper.cfbundle; includeInIndex = 0; path = NoteNerdTests.xctest; sourceTree = BUILT_PRODUCTS_DIR; };
		F9BAA441221A692C00985921 /* Info.plist */ = {isa = PBXFileReference; lastKnownFileType = text.plist.xml; path = Info.plist; sourceTree = "<group>"; };
		F9C91881221A6A4900F13F45 /* AppCoordinator.swift */ = {isa = PBXFileReference; lastKnownFileType = sourcecode.swift; path = AppCoordinator.swift; sourceTree = "<group>"; };
/* End PBXFileReference section */

/* Begin PBXFrameworksBuildPhase section */
		F9BAA424221A692800985921 /* Frameworks */ = {
			isa = PBXFrameworksBuildPhase;
			buildActionMask = 2147483647;
			files = (
			);
			runOnlyForDeploymentPostprocessing = 0;
		};
		F9BAA438221A692C00985921 /* Frameworks */ = {
			isa = PBXFrameworksBuildPhase;
			buildActionMask = 2147483647;
			files = (
			);
			runOnlyForDeploymentPostprocessing = 0;
		};
/* End PBXFrameworksBuildPhase section */

/* Begin PBXGroup section */
		F91B9919221B5A1B00DBFBDC /* res */ = {
			isa = PBXGroup;
			children = (
				F9BAA431221A692C00985921 /* Assets.xcassets */,
				F9BAA433221A692C00985921 /* LaunchScreen.storyboard */,
			);
			path = res;
			sourceTree = "<group>";
		};
		F91B991A221B5AD400DBFBDC /* quiz */ = {
			isa = PBXGroup;
			children = (
				F9BAA42C221A692800985921 /* QuizViewController.swift */,
				F9586E6E221B8E1C00382193 /* Note.swift */,
				F9586E72221BAB0400382193 /* Operation.swift */,
				F9586E74221BADE700382193 /* QuizEngine.swift */,
			);
			path = quiz;
			sourceTree = "<group>";
		};
		F9BAA41E221A692800985921 = {
			isa = PBXGroup;
			children = (
				F9BAA429221A692800985921 /* NoteNerd */,
				F9BAA43E221A692C00985921 /* tests */,
				F9BAA428221A692800985921 /* Products */,
			);
			sourceTree = "<group>";
		};
		F9BAA428221A692800985921 /* Products */ = {
			isa = PBXGroup;
			children = (
				F9BAA427221A692800985921 /* NoteNerd.app */,
				F9BAA43B221A692C00985921 /* NoteNerdTests.xctest */,
			);
			name = Products;
			sourceTree = "<group>";
		};
		F9BAA429221A692800985921 /* NoteNerd */ = {
			isa = PBXGroup;
			children = (
				F9BAA42A221A692800985921 /* AppDelegate.swift */,
				F9C91881221A6A4900F13F45 /* AppCoordinator.swift */,
				F91B991A221B5AD400DBFBDC /* quiz */,
				F91B9919221B5A1B00DBFBDC /* res */,
				F9BAA436221A692C00985921 /* Info.plist */,
			);
			name = NoteNerd;
			path = app;
			sourceTree = "<group>";
		};
		F9BAA43E221A692C00985921 /* tests */ = {
			isa = PBXGroup;
			children = (
				F9BAA441221A692C00985921 /* Info.plist */,
				F9586E70221B934000382193 /* NoteTests.swift */,
				F9586E76221BBF4600382193 /* QuizEngineTests.swift */,
			);
			path = tests;
			sourceTree = "<group>";
		};
/* End PBXGroup section */

/* Begin PBXNativeTarget section */
		F9BAA426221A692800985921 /* NoteNerd */ = {
			isa = PBXNativeTarget;
			buildConfigurationList = F9BAA444221A692C00985921 /* Build configuration list for PBXNativeTarget "NoteNerd" */;
			buildPhases = (
				F9BAA423221A692800985921 /* Sources */,
				F9BAA424221A692800985921 /* Frameworks */,
				F9BAA425221A692800985921 /* Resources */,
			);
			buildRules = (
			);
			dependencies = (
			);
			name = NoteNerd;
			productName = NoteNerd;
			productReference = F9BAA427221A692800985921 /* NoteNerd.app */;
			productType = "com.apple.product-type.application";
		};
		F9BAA43A221A692C00985921 /* NoteNerdTests */ = {
			isa = PBXNativeTarget;
			buildConfigurationList = F9BAA447221A692C00985921 /* Build configuration list for PBXNativeTarget "NoteNerdTests" */;
			buildPhases = (
				F9BAA437221A692C00985921 /* Sources */,
				F9BAA438221A692C00985921 /* Frameworks */,
				F9BAA439221A692C00985921 /* Resources */,
			);
			buildRules = (
			);
			dependencies = (
				F9BAA43D221A692C00985921 /* PBXTargetDependency */,
			);
			name = NoteNerdTests;
			productName = NoteNerdTests;
			productReference = F9BAA43B221A692C00985921 /* NoteNerdTests.xctest */;
			productType = "com.apple.product-type.bundle.unit-test";
		};
/* End PBXNativeTarget section */

/* Begin PBXProject section */
		F9BAA41F221A692800985921 /* Project object */ = {
			isa = PBXProject;
			attributes = {
				LastSwiftUpdateCheck = 1010;
				LastUpgradeCheck = 1010;
				ORGANIZATIONNAME = aranasaurus.com;
				TargetAttributes = {
					F9BAA426221A692800985921 = {
						CreatedOnToolsVersion = 10.1;
					};
					F9BAA43A221A692C00985921 = {
						CreatedOnToolsVersion = 10.1;
						TestTargetID = F9BAA426221A692800985921;
					};
				};
			};
			buildConfigurationList = F9BAA422221A692800985921 /* Build configuration list for PBXProject "NoteNerd" */;
			compatibilityVersion = "Xcode 9.3";
			developmentRegion = en;
			hasScannedForEncodings = 0;
			knownRegions = (
				en,
				Base,
			);
			mainGroup = F9BAA41E221A692800985921;
			productRefGroup = F9BAA428221A692800985921 /* Products */;
			projectDirPath = "";
			projectRoot = "";
			targets = (
				F9BAA426221A692800985921 /* NoteNerd */,
				F9BAA43A221A692C00985921 /* NoteNerdTests */,
			);
		};
/* End PBXProject section */

/* Begin PBXResourcesBuildPhase section */
		F9BAA425221A692800985921 /* Resources */ = {
			isa = PBXResourcesBuildPhase;
			buildActionMask = 2147483647;
			files = (
				F9BAA435221A692C00985921 /* LaunchScreen.storyboard in Resources */,
				F9BAA432221A692C00985921 /* Assets.xcassets in Resources */,
			);
			runOnlyForDeploymentPostprocessing = 0;
		};
		F9BAA439221A692C00985921 /* Resources */ = {
			isa = PBXResourcesBuildPhase;
			buildActionMask = 2147483647;
			files = (
			);
			runOnlyForDeploymentPostprocessing = 0;
		};
/* End PBXResourcesBuildPhase section */

/* Begin PBXSourcesBuildPhase section */
		F9BAA423221A692800985921 /* Sources */ = {
			isa = PBXSourcesBuildPhase;
			buildActionMask = 2147483647;
			files = (
				F9C91882221A6A4900F13F45 /* AppCoordinator.swift in Sources */,
				F9BAA42D221A692800985921 /* QuizViewController.swift in Sources */,
				F9586E75221BADE700382193 /* QuizEngine.swift in Sources */,
				F9BAA42B221A692800985921 /* AppDelegate.swift in Sources */,
				F9586E73221BAB0400382193 /* Operation.swift in Sources */,
				F9586E6F221B8E1C00382193 /* Note.swift in Sources */,
			);
			runOnlyForDeploymentPostprocessing = 0;
		};
		F9BAA437221A692C00985921 /* Sources */ = {
			isa = PBXSourcesBuildPhase;
			buildActionMask = 2147483647;
			files = (
				F9586E77221BBF4600382193 /* QuizEngineTests.swift in Sources */,
				F9586E71221B934000382193 /* NoteTests.swift in Sources */,
			);
			runOnlyForDeploymentPostprocessing = 0;
		};
/* End PBXSourcesBuildPhase section */

/* Begin PBXTargetDependency section */
		F9BAA43D221A692C00985921 /* PBXTargetDependency */ = {
			isa = PBXTargetDependency;
			target = F9BAA426221A692800985921 /* NoteNerd */;
			targetProxy = F9BAA43C221A692C00985921 /* PBXContainerItemProxy */;
		};
/* End PBXTargetDependency section */

/* Begin PBXVariantGroup section */
		F9BAA433221A692C00985921 /* LaunchScreen.storyboard */ = {
			isa = PBXVariantGroup;
			children = (
				F9BAA434221A692C00985921 /* Base */,
			);
			name = LaunchScreen.storyboard;
			sourceTree = "<group>";
		};
/* End PBXVariantGroup section */

/* Begin XCBuildConfiguration section */
		F9BAA442221A692C00985921 /* Debug */ = {
			isa = XCBuildConfiguration;
			buildSettings = {
				ALWAYS_SEARCH_USER_PATHS = NO;
				CLANG_ANALYZER_NONNULL = YES;
				CLANG_ANALYZER_NUMBER_OBJECT_CONVERSION = YES_AGGRESSIVE;
				CLANG_CXX_LANGUAGE_STANDARD = "gnu++14";
				CLANG_CXX_LIBRARY = "libc++";
				CLANG_ENABLE_MODULES = YES;
				CLANG_ENABLE_OBJC_ARC = YES;
				CLANG_ENABLE_OBJC_WEAK = YES;
				CLANG_WARN_BLOCK_CAPTURE_AUTORELEASING = YES;
				CLANG_WARN_BOOL_CONVERSION = YES;
				CLANG_WARN_COMMA = YES;
				CLANG_WARN_CONSTANT_CONVERSION = YES;
				CLANG_WARN_DEPRECATED_OBJC_IMPLEMENTATIONS = YES;
				CLANG_WARN_DIRECT_OBJC_ISA_USAGE = YES_ERROR;
				CLANG_WARN_DOCUMENTATION_COMMENTS = YES;
				CLANG_WARN_EMPTY_BODY = YES;
				CLANG_WARN_ENUM_CONVERSION = YES;
				CLANG_WARN_INFINITE_RECURSION = YES;
				CLANG_WARN_INT_CONVERSION = YES;
				CLANG_WARN_NON_LITERAL_NULL_CONVERSION = YES;
				CLANG_WARN_OBJC_IMPLICIT_RETAIN_SELF = YES;
				CLANG_WARN_OBJC_LITERAL_CONVERSION = YES;
				CLANG_WARN_OBJC_ROOT_CLASS = YES_ERROR;
				CLANG_WARN_RANGE_LOOP_ANALYSIS = YES;
				CLANG_WARN_STRICT_PROTOTYPES = YES;
				CLANG_WARN_SUSPICIOUS_MOVE = YES;
				CLANG_WARN_UNGUARDED_AVAILABILITY = YES_AGGRESSIVE;
				CLANG_WARN_UNREACHABLE_CODE = YES;
				CLANG_WARN__DUPLICATE_METHOD_MATCH = YES;
				CODE_SIGN_IDENTITY = "iPhone Developer";
				COPY_PHASE_STRIP = NO;
				DEBUG_INFORMATION_FORMAT = dwarf;
				ENABLE_STRICT_OBJC_MSGSEND = YES;
				ENABLE_TESTABILITY = YES;
				GCC_C_LANGUAGE_STANDARD = gnu11;
				GCC_DYNAMIC_NO_PIC = NO;
				GCC_NO_COMMON_BLOCKS = YES;
				GCC_OPTIMIZATION_LEVEL = 0;
				GCC_PREPROCESSOR_DEFINITIONS = (
					"DEBUG=1",
					"$(inherited)",
				);
				GCC_WARN_64_TO_32_BIT_CONVERSION = YES;
				GCC_WARN_ABOUT_RETURN_TYPE = YES_ERROR;
				GCC_WARN_UNDECLARED_SELECTOR = YES;
				GCC_WARN_UNINITIALIZED_AUTOS = YES_AGGRESSIVE;
				GCC_WARN_UNUSED_FUNCTION = YES;
				GCC_WARN_UNUSED_VARIABLE = YES;
				IPHONEOS_DEPLOYMENT_TARGET = 12.1;
				MTL_ENABLE_DEBUG_INFO = INCLUDE_SOURCE;
				MTL_FAST_MATH = YES;
				ONLY_ACTIVE_ARCH = YES;
				SDKROOT = iphoneos;
				SWIFT_ACTIVE_COMPILATION_CONDITIONS = DEBUG;
				SWIFT_OPTIMIZATION_LEVEL = "-Onone";
			};
			name = Debug;
		};
		F9BAA443221A692C00985921 /* Release */ = {
			isa = XCBuildConfiguration;
			buildSettings = {
				ALWAYS_SEARCH_USER_PATHS = NO;
				CLANG_ANALYZER_NONNULL = YES;
				CLANG_ANALYZER_NUMBER_OBJECT_CONVERSION = YES_AGGRESSIVE;
				CLANG_CXX_LANGUAGE_STANDARD = "gnu++14";
				CLANG_CXX_LIBRARY = "libc++";
				CLANG_ENABLE_MODULES = YES;
				CLANG_ENABLE_OBJC_ARC = YES;
				CLANG_ENABLE_OBJC_WEAK = YES;
				CLANG_WARN_BLOCK_CAPTURE_AUTORELEASING = YES;
				CLANG_WARN_BOOL_CONVERSION = YES;
				CLANG_WARN_COMMA = YES;
				CLANG_WARN_CONSTANT_CONVERSION = YES;
				CLANG_WARN_DEPRECATED_OBJC_IMPLEMENTATIONS = YES;
				CLANG_WARN_DIRECT_OBJC_ISA_USAGE = YES_ERROR;
				CLANG_WARN_DOCUMENTATION_COMMENTS = YES;
				CLANG_WARN_EMPTY_BODY = YES;
				CLANG_WARN_ENUM_CONVERSION = YES;
				CLANG_WARN_INFINITE_RECURSION = YES;
				CLANG_WARN_INT_CONVERSION = YES;
				CLANG_WARN_NON_LITERAL_NULL_CONVERSION = YES;
				CLANG_WARN_OBJC_IMPLICIT_RETAIN_SELF = YES;
				CLANG_WARN_OBJC_LITERAL_CONVERSION = YES;
				CLANG_WARN_OBJC_ROOT_CLASS = YES_ERROR;
				CLANG_WARN_RANGE_LOOP_ANALYSIS = YES;
				CLANG_WARN_STRICT_PROTOTYPES = YES;
				CLANG_WARN_SUSPICIOUS_MOVE = YES;
				CLANG_WARN_UNGUARDED_AVAILABILITY = YES_AGGRESSIVE;
				CLANG_WARN_UNREACHABLE_CODE = YES;
				CLANG_WARN__DUPLICATE_METHOD_MATCH = YES;
				CODE_SIGN_IDENTITY = "iPhone Developer";
				COPY_PHASE_STRIP = NO;
				DEBUG_INFORMATION_FORMAT = "dwarf-with-dsym";
				ENABLE_NS_ASSERTIONS = NO;
				ENABLE_STRICT_OBJC_MSGSEND = YES;
				GCC_C_LANGUAGE_STANDARD = gnu11;
				GCC_NO_COMMON_BLOCKS = YES;
				GCC_WARN_64_TO_32_BIT_CONVERSION = YES;
				GCC_WARN_ABOUT_RETURN_TYPE = YES_ERROR;
				GCC_WARN_UNDECLARED_SELECTOR = YES;
				GCC_WARN_UNINITIALIZED_AUTOS = YES_AGGRESSIVE;
				GCC_WARN_UNUSED_FUNCTION = YES;
				GCC_WARN_UNUSED_VARIABLE = YES;
				IPHONEOS_DEPLOYMENT_TARGET = 12.1;
				MTL_ENABLE_DEBUG_INFO = NO;
				MTL_FAST_MATH = YES;
				SDKROOT = iphoneos;
				SWIFT_COMPILATION_MODE = wholemodule;
				SWIFT_OPTIMIZATION_LEVEL = "-O";
				VALIDATE_PRODUCT = YES;
			};
			name = Release;
		};
		F9BAA445221A692C00985921 /* Debug */ = {
			isa = XCBuildConfiguration;
			buildSettings = {
				ASSETCATALOG_COMPILER_APPICON_NAME = AppIcon;
				CODE_SIGN_IDENTITY = "iPhone Developer";
				CODE_SIGN_STYLE = Manual;
				DEVELOPMENT_TEAM = JCYYKWU6KX;
				INFOPLIST_FILE = "$(SRCROOT)/app/Info.plist";
				LD_RUNPATH_SEARCH_PATHS = (
					"$(inherited)",
					"@executable_path/Frameworks",
				);
				PRODUCT_BUNDLE_IDENTIFIER = com.aranasaurus.NoteNerd;
				PRODUCT_NAME = "$(TARGET_NAME)";
				PROVISIONING_PROFILE_SPECIFIER = "aranasaurus wildcard";
				SWIFT_VERSION = 4.2;
				TARGETED_DEVICE_FAMILY = "1,2";
			};
			name = Debug;
		};
		F9BAA446221A692C00985921 /* Release */ = {
			isa = XCBuildConfiguration;
			buildSettings = {
				ASSETCATALOG_COMPILER_APPICON_NAME = AppIcon;
				CODE_SIGN_IDENTITY = "iPhone Developer";
				CODE_SIGN_STYLE = Manual;
				DEVELOPMENT_TEAM = JCYYKWU6KX;
				INFOPLIST_FILE = "$(SRCROOT)/app/Info.plist";
				LD_RUNPATH_SEARCH_PATHS = (
					"$(inherited)",
					"@executable_path/Frameworks",
				);
				PRODUCT_BUNDLE_IDENTIFIER = com.aranasaurus.NoteNerd;
				PRODUCT_NAME = "$(TARGET_NAME)";
				PROVISIONING_PROFILE_SPECIFIER = "aranasaurus wildcard";
				SWIFT_VERSION = 4.2;
				TARGETED_DEVICE_FAMILY = "1,2";
			};
			name = Release;
		};
		F9BAA448221A692C00985921 /* Debug */ = {
			isa = XCBuildConfiguration;
			buildSettings = {
				ALWAYS_EMBED_SWIFT_STANDARD_LIBRARIES = YES;
				BUNDLE_LOADER = "$(TEST_HOST)";
				CODE_SIGN_STYLE = Automatic;
				DEVELOPMENT_TEAM = 356X99UH85;
				INFOPLIST_FILE = tests/Info.plist;
				LD_RUNPATH_SEARCH_PATHS = (
					"$(inherited)",
					"@executable_path/Frameworks",
					"@loader_path/Frameworks",
				);
				PRODUCT_BUNDLE_IDENTIFIER = com.aranasaurus.NoteNerdTests;
				PRODUCT_NAME = "$(TARGET_NAME)";
				SWIFT_VERSION = 4.2;
				TARGETED_DEVICE_FAMILY = "1,2";
				TEST_HOST = "$(BUILT_PRODUCTS_DIR)/NoteNerd.app/NoteNerd";
			};
			name = Debug;
		};
		F9BAA449221A692C00985921 /* Release */ = {
			isa = XCBuildConfiguration;
			buildSettings = {
				ALWAYS_EMBED_SWIFT_STANDARD_LIBRARIES = YES;
				BUNDLE_LOADER = "$(TEST_HOST)";
				CODE_SIGN_STYLE = Automatic;
				DEVELOPMENT_TEAM = 356X99UH85;
				INFOPLIST_FILE = tests/Info.plist;
				LD_RUNPATH_SEARCH_PATHS = (
					"$(inherited)",
					"@executable_path/Frameworks",
					"@loader_path/Frameworks",
				);
				PRODUCT_BUNDLE_IDENTIFIER = com.aranasaurus.NoteNerdTests;
				PRODUCT_NAME = "$(TARGET_NAME)";
				SWIFT_VERSION = 4.2;
				TARGETED_DEVICE_FAMILY = "1,2";
				TEST_HOST = "$(BUILT_PRODUCTS_DIR)/NoteNerd.app/NoteNerd";
			};
			name = Release;
		};
/* End XCBuildConfiguration section */

/* Begin XCConfigurationList section */
		F9BAA422221A692800985921 /* Build configuration list for PBXProject "NoteNerd" */ = {
			isa = XCConfigurationList;
			buildConfigurations = (
				F9BAA442221A692C00985921 /* Debug */,
				F9BAA443221A692C00985921 /* Release */,
			);
			defaultConfigurationIsVisible = 0;
			defaultConfigurationName = Release;
		};
		F9BAA444221A692C00985921 /* Build configuration list for PBXNativeTarget "NoteNerd" */ = {
			isa = XCConfigurationList;
			buildConfigurations = (
				F9BAA445221A692C00985921 /* Debug */,
				F9BAA446221A692C00985921 /* Release */,
			);
			defaultConfigurationIsVisible = 0;
			defaultConfigurationName = Release;
		};
		F9BAA447221A692C00985921 /* Build configuration list for PBXNativeTarget "NoteNerdTests" */ = {
			isa = XCConfigurationList;
			buildConfigurations = (
				F9BAA448221A692C00985921 /* Debug */,
				F9BAA449221A692C00985921 /* Release */,
			);
			defaultConfigurationIsVisible = 0;
			defaultConfigurationName = Release;
		};
/* End XCConfigurationList section */
	};
	rootObject = F9BAA41F221A692800985921 /* Project object */;
}
